
Microsoft Visual Studio Solution File, Format Version 12.00
# Visual Studio Version 16
VisualStudioVersion = 16.0.31025.194
MinimumVisualStudioVersion = 10.0.40219.1
Project("{FAE04EC0-301F-11D3-BF4B-00C04F79EFBC}") = "SilentAthleticsWebApp", "SilentAthleticsWebApp.csproj", "{49696C15-3527-49B3-BC38-76559C4DF7DE}"
EndProject
Global
	GlobalSection(SolutionConfigurationPlatforms) = preSolution
		Debug|Any CPU = Debug|Any CPU
		Release|Any CPU = Release|Any CPU
	EndGlobalSection
	GlobalSection(ProjectConfigurationPlatforms) = postSolution
		{49696C15-3527-49B3-BC38-76559C4DF7DE}.Debug|Any CPU.ActiveCfg = Debug|Any CPU
		{49696C15-3527-49B3-BC38-76559C4DF7DE}.Debug|Any CPU.Build.0 = Debug|Any CPU
		{49696C15-3527-49B3-BC38-76559C4DF7DE}.Release|Any CPU.ActiveCfg = Release|Any CPU
		{49696C15-3527-49B3-BC38-76559C4DF7DE}.Release|Any CPU.Build.0 = Release|Any CPU
	EndGlobalSection
	GlobalSection(SolutionProperties) = preSolution
		HideSolutionNode = FALSE
	EndGlobalSection
	GlobalSection(ExtensibilityGlobals) = postSolution
		SolutionGuid = {0202CFDF-A7B4-408C-91B0-99D51ADA3022}
	EndGlobalSection
EndGlobal
